// !$*UTF8*$!
{
	archiveVersion = 1;
	classes = {
	};
	objectVersion = 56;
	objects = {

/* Begin PBXBuildFile section */
		2EFD9BF12BE4C78B003E6448 /* AppDelegate.swift in Sources */ = {isa = PBXBuildFile; fileRef = 2EFD9BF02BE4C78B003E6448 /* AppDelegate.swift */; };
		2EFD9BF32BE4C78B003E6448 /* SceneDelegate.swift in Sources */ = {isa = PBXBuildFile; fileRef = 2EFD9BF22BE4C78B003E6448 /* SceneDelegate.swift */; };
		2EFD9BF52BE4C78B003E6448 /* EpisodesViewController.swift in Sources */ = {isa = PBXBuildFile; fileRef = 2EFD9BF42BE4C78B003E6448 /* EpisodesViewController.swift */; };
		2EFD9BFA2BE4C78E003E6448 /* Assets.xcassets in Resources */ = {isa = PBXBuildFile; fileRef = 2EFD9BF92BE4C78E003E6448 /* Assets.xcassets */; };
		2EFD9BFD2BE4C78E003E6448 /* LaunchScreen.storyboard in Resources */ = {isa = PBXBuildFile; fileRef = 2EFD9BFB2BE4C78E003E6448 /* LaunchScreen.storyboard */; };
		2EFD9C092BE4FD1A003E6448 /* Coordinator.swift in Sources */ = {isa = PBXBuildFile; fileRef = 2EFD9C082BE4FD1A003E6448 /* Coordinator.swift */; };
		2EFD9C0B2BE4FD32003E6448 /* AppCoordinator.swift in Sources */ = {isa = PBXBuildFile; fileRef = 2EFD9C0A2BE4FD32003E6448 /* AppCoordinator.swift */; };
		2EFD9C0D2BE4FD4B003E6448 /* LaunchCoordinator.swift in Sources */ = {isa = PBXBuildFile; fileRef = 2EFD9C0C2BE4FD4B003E6448 /* LaunchCoordinator.swift */; };
		2EFD9C0F2BE4FD5D003E6448 /* PageCoordinator.swift in Sources */ = {isa = PBXBuildFile; fileRef = 2EFD9C0E2BE4FD5D003E6448 /* PageCoordinator.swift */; };
		2EFD9C112BE4FDCE003E6448 /* Dependencies.swift in Sources */ = {isa = PBXBuildFile; fileRef = 2EFD9C102BE4FDCE003E6448 /* Dependencies.swift */; };
		2EFD9C132BE4FE36003E6448 /* ModuleContainer.swift in Sources */ = {isa = PBXBuildFile; fileRef = 2EFD9C122BE4FE36003E6448 /* ModuleContainer.swift */; };
		2EFD9C152BE4FEBF003E6448 /* LaunchViewController.swift in Sources */ = {isa = PBXBuildFile; fileRef = 2EFD9C142BE4FEBF003E6448 /* LaunchViewController.swift */; };
		2EFD9C1D2BE500D2003E6448 /* LaunchAssembly.swift in Sources */ = {isa = PBXBuildFile; fileRef = 2EFD9C1C2BE500D2003E6448 /* LaunchAssembly.swift */; };
		2EFD9C1F2BE50DB7003E6448 /* EpisodesAssembly.swift in Sources */ = {isa = PBXBuildFile; fileRef = 2EFD9C1E2BE50DB7003E6448 /* EpisodesAssembly.swift */; };
		2EFD9C212BE50DE8003E6448 /* CharacterDetailViewController.swift in Sources */ = {isa = PBXBuildFile; fileRef = 2EFD9C202BE50DE8003E6448 /* CharacterDetailViewController.swift */; };
		2EFD9C232BE50E2F003E6448 /* CharacterDetailAssembly.swift in Sources */ = {isa = PBXBuildFile; fileRef = 2EFD9C222BE50E2F003E6448 /* CharacterDetailAssembly.swift */; };
		2EFD9C252BE50E49003E6448 /* FavoritesAssembly.swift in Sources */ = {isa = PBXBuildFile; fileRef = 2EFD9C242BE50E49003E6448 /* FavoritesAssembly.swift */; };
		2EFD9C272BE50E6B003E6448 /* FavoritesViewController.swift in Sources */ = {isa = PBXBuildFile; fileRef = 2EFD9C262BE50E6B003E6448 /* FavoritesViewController.swift */; };
		2EFD9C292BE5102A003E6448 /* EpisodeViewModel.swift in Sources */ = {isa = PBXBuildFile; fileRef = 2EFD9C282BE5102A003E6448 /* EpisodeViewModel.swift */; };
		2EFD9C2B2BE51046003E6448 /* FavoritesViewModel.swift in Sources */ = {isa = PBXBuildFile; fileRef = 2EFD9C2A2BE51046003E6448 /* FavoritesViewModel.swift */; };
		2EFD9C2D2BE51074003E6448 /* ChatacterDetailViewModel.swift in Sources */ = {isa = PBXBuildFile; fileRef = 2EFD9C2C2BE51074003E6448 /* ChatacterDetailViewModel.swift */; };
		2EFD9C302BE51C97003E6448 /* Constants.swift in Sources */ = {isa = PBXBuildFile; fileRef = 2EFD9C2F2BE51C97003E6448 /* Constants.swift */; };
		2EFD9C332BE51E38003E6448 /* SnapKit in Frameworks */ = {isa = PBXBuildFile; productRef = 2EFD9C322BE51E38003E6448 /* SnapKit */; };
/* End PBXBuildFile section */

/* Begin PBXFileReference section */
		2EFD9BED2BE4C78B003E6448 /* RickyAndMorty.app */ = {isa = PBXFileReference; explicitFileType = wrapper.application; includeInIndex = 0; path = RickyAndMorty.app; sourceTree = BUILT_PRODUCTS_DIR; };
		2EFD9BF02BE4C78B003E6448 /* AppDelegate.swift */ = {isa = PBXFileReference; lastKnownFileType = sourcecode.swift; path = AppDelegate.swift; sourceTree = "<group>"; };
		2EFD9BF22BE4C78B003E6448 /* SceneDelegate.swift */ = {isa = PBXFileReference; lastKnownFileType = sourcecode.swift; path = SceneDelegate.swift; sourceTree = "<group>"; };
		2EFD9BF42BE4C78B003E6448 /* EpisodesViewController.swift */ = {isa = PBXFileReference; lastKnownFileType = sourcecode.swift; path = EpisodesViewController.swift; sourceTree = "<group>"; };
		2EFD9BF92BE4C78E003E6448 /* Assets.xcassets */ = {isa = PBXFileReference; lastKnownFileType = folder.assetcatalog; path = Assets.xcassets; sourceTree = "<group>"; };
		2EFD9BFC2BE4C78E003E6448 /* Base */ = {isa = PBXFileReference; lastKnownFileType = file.storyboard; name = Base; path = Base.lproj/LaunchScreen.storyboard; sourceTree = "<group>"; };
		2EFD9BFE2BE4C78E003E6448 /* Info.plist */ = {isa = PBXFileReference; lastKnownFileType = text.plist.xml; path = Info.plist; sourceTree = "<group>"; };
		2EFD9C082BE4FD1A003E6448 /* Coordinator.swift */ = {isa = PBXFileReference; lastKnownFileType = sourcecode.swift; path = Coordinator.swift; sourceTree = "<group>"; };
		2EFD9C0A2BE4FD32003E6448 /* AppCoordinator.swift */ = {isa = PBXFileReference; lastKnownFileType = sourcecode.swift; path = AppCoordinator.swift; sourceTree = "<group>"; };
		2EFD9C0C2BE4FD4B003E6448 /* LaunchCoordinator.swift */ = {isa = PBXFileReference; lastKnownFileType = sourcecode.swift; path = LaunchCoordinator.swift; sourceTree = "<group>"; };
		2EFD9C0E2BE4FD5D003E6448 /* PageCoordinator.swift */ = {isa = PBXFileReference; lastKnownFileType = sourcecode.swift; path = PageCoordinator.swift; sourceTree = "<group>"; };
		2EFD9C102BE4FDCE003E6448 /* Dependencies.swift */ = {isa = PBXFileReference; lastKnownFileType = sourcecode.swift; path = Dependencies.swift; sourceTree = "<group>"; };
		2EFD9C122BE4FE36003E6448 /* ModuleContainer.swift */ = {isa = PBXFileReference; lastKnownFileType = sourcecode.swift; path = ModuleContainer.swift; sourceTree = "<group>"; };
		2EFD9C142BE4FEBF003E6448 /* LaunchViewController.swift */ = {isa = PBXFileReference; lastKnownFileType = sourcecode.swift; path = LaunchViewController.swift; sourceTree = "<group>"; };
		2EFD9C1C2BE500D2003E6448 /* LaunchAssembly.swift */ = {isa = PBXFileReference; lastKnownFileType = sourcecode.swift; path = LaunchAssembly.swift; sourceTree = "<group>"; };
		2EFD9C1E2BE50DB7003E6448 /* EpisodesAssembly.swift */ = {isa = PBXFileReference; lastKnownFileType = sourcecode.swift; path = EpisodesAssembly.swift; sourceTree = "<group>"; };
		2EFD9C202BE50DE8003E6448 /* CharacterDetailViewController.swift */ = {isa = PBXFileReference; lastKnownFileType = sourcecode.swift; path = CharacterDetailViewController.swift; sourceTree = "<group>"; };
		2EFD9C222BE50E2F003E6448 /* CharacterDetailAssembly.swift */ = {isa = PBXFileReference; lastKnownFileType = sourcecode.swift; path = CharacterDetailAssembly.swift; sourceTree = "<group>"; };
		2EFD9C242BE50E49003E6448 /* FavoritesAssembly.swift */ = {isa = PBXFileReference; lastKnownFileType = sourcecode.swift; path = FavoritesAssembly.swift; sourceTree = "<group>"; };
		2EFD9C262BE50E6B003E6448 /* FavoritesViewController.swift */ = {isa = PBXFileReference; lastKnownFileType = sourcecode.swift; path = FavoritesViewController.swift; sourceTree = "<group>"; };
		2EFD9C282BE5102A003E6448 /* EpisodeViewModel.swift */ = {isa = PBXFileReference; lastKnownFileType = sourcecode.swift; path = EpisodeViewModel.swift; sourceTree = "<group>"; };
		2EFD9C2A2BE51046003E6448 /* FavoritesViewModel.swift */ = {isa = PBXFileReference; lastKnownFileType = sourcecode.swift; path = FavoritesViewModel.swift; sourceTree = "<group>"; };
		2EFD9C2C2BE51074003E6448 /* ChatacterDetailViewModel.swift */ = {isa = PBXFileReference; lastKnownFileType = sourcecode.swift; path = ChatacterDetailViewModel.swift; sourceTree = "<group>"; };
		2EFD9C2F2BE51C97003E6448 /* Constants.swift */ = {isa = PBXFileReference; lastKnownFileType = sourcecode.swift; path = Constants.swift; sourceTree = "<group>"; };
/* End PBXFileReference section */

/* Begin PBXFrameworksBuildPhase section */
		2EFD9BEA2BE4C78B003E6448 /* Frameworks */ = {
			isa = PBXFrameworksBuildPhase;
			buildActionMask = 2147483647;
			files = (
				2EFD9C332BE51E38003E6448 /* SnapKit in Frameworks */,
			);
			runOnlyForDeploymentPostprocessing = 0;
		};
/* End PBXFrameworksBuildPhase section */

/* Begin PBXGroup section */
		2EFD9BE42BE4C78B003E6448 = {
			isa = PBXGroup;
			children = (
				2EFD9BEF2BE4C78B003E6448 /* RickyAndMorty */,
				2EFD9BEE2BE4C78B003E6448 /* Products */,
			);
			sourceTree = "<group>";
		};
		2EFD9BEE2BE4C78B003E6448 /* Products */ = {
			isa = PBXGroup;
			children = (
				2EFD9BED2BE4C78B003E6448 /* RickyAndMorty.app */,
			);
			name = Products;
			sourceTree = "<group>";
		};
		2EFD9BEF2BE4C78B003E6448 /* RickyAndMorty */ = {
			isa = PBXGroup;
			children = (
				2EFD9C2E2BE51C82003E6448 /* Extentions */,
				2EFD9C062BE4FCAE003E6448 /* Coordinator */,
				2EFD9C072BE4FCBD003E6448 /* Dependencies */,
				2EFD9C172BE5001A003E6448 /* Model */,
				2EFD9C162BE50012003E6448 /* Module */,
				2EFD9C052BE4EC2A003E6448 /* App */,
				2EFD9C042BE4EC27003E6448 /* Resourses */,
				2EFD9BFE2BE4C78E003E6448 /* Info.plist */,
			);
			path = RickyAndMorty;
			sourceTree = "<group>";
		};
		2EFD9C042BE4EC27003E6448 /* Resourses */ = {
			isa = PBXGroup;
			children = (
				2EFD9BF92BE4C78E003E6448 /* Assets.xcassets */,
			);
			path = Resourses;
			sourceTree = "<group>";
		};
		2EFD9C052BE4EC2A003E6448 /* App */ = {
			isa = PBXGroup;
			children = (
				2EFD9BF22BE4C78B003E6448 /* SceneDelegate.swift */,
				2EFD9BF02BE4C78B003E6448 /* AppDelegate.swift */,
			);
			path = App;
			sourceTree = "<group>";
		};
		2EFD9C062BE4FCAE003E6448 /* Coordinator */ = {
			isa = PBXGroup;
			children = (
				2EFD9C082BE4FD1A003E6448 /* Coordinator.swift */,
				2EFD9C0A2BE4FD32003E6448 /* AppCoordinator.swift */,
				2EFD9C0C2BE4FD4B003E6448 /* LaunchCoordinator.swift */,
				2EFD9C0E2BE4FD5D003E6448 /* PageCoordinator.swift */,
			);
			path = Coordinator;
			sourceTree = "<group>";
		};
		2EFD9C072BE4FCBD003E6448 /* Dependencies */ = {
			isa = PBXGroup;
			children = (
				2EFD9C102BE4FDCE003E6448 /* Dependencies.swift */,
				2EFD9C122BE4FE36003E6448 /* ModuleContainer.swift */,
			);
			path = Dependencies;
			sourceTree = "<group>";
		};
		2EFD9C162BE50012003E6448 /* Module */ = {
			isa = PBXGroup;
			children = (
				2EFD9C182BE50029003E6448 /* Launch */,
				2EFD9C192BE50037003E6448 /* Episodes */,
				2EFD9C1B2BE50062003E6448 /* Favorites */,
				2EFD9C1A2BE50049003E6448 /* CharacterDetail */,
			);
			path = Module;
			sourceTree = "<group>";
		};
		2EFD9C172BE5001A003E6448 /* Model */ = {
			isa = PBXGroup;
			children = (
			);
			path = Model;
			sourceTree = "<group>";
		};
		2EFD9C182BE50029003E6448 /* Launch */ = {
			isa = PBXGroup;
			children = (
				2EFD9C1C2BE500D2003E6448 /* LaunchAssembly.swift */,
				2EFD9BFB2BE4C78E003E6448 /* LaunchScreen.storyboard */,
				2EFD9C142BE4FEBF003E6448 /* LaunchViewController.swift */,
			);
			path = Launch;
			sourceTree = "<group>";
		};
		2EFD9C192BE50037003E6448 /* Episodes */ = {
			isa = PBXGroup;
			children = (
				2EFD9C1E2BE50DB7003E6448 /* EpisodesAssembly.swift */,
				2EFD9C282BE5102A003E6448 /* EpisodeViewModel.swift */,
				2EFD9BF42BE4C78B003E6448 /* EpisodesViewController.swift */,
			);
			path = Episodes;
			sourceTree = "<group>";
		};
		2EFD9C1A2BE50049003E6448 /* CharacterDetail */ = {
			isa = PBXGroup;
			children = (
				2EFD9C222BE50E2F003E6448 /* CharacterDetailAssembly.swift */,
				2EFD9C2C2BE51074003E6448 /* ChatacterDetailViewModel.swift */,
				2EFD9C202BE50DE8003E6448 /* CharacterDetailViewController.swift */,
			);
			path = CharacterDetail;
			sourceTree = "<group>";
		};
		2EFD9C1B2BE50062003E6448 /* Favorites */ = {
			isa = PBXGroup;
			children = (
				2EFD9C242BE50E49003E6448 /* FavoritesAssembly.swift */,
				2EFD9C2A2BE51046003E6448 /* FavoritesViewModel.swift */,
				2EFD9C262BE50E6B003E6448 /* FavoritesViewController.swift */,
			);
			path = Favorites;
			sourceTree = "<group>";
		};
		2EFD9C2E2BE51C82003E6448 /* Extentions */ = {
			isa = PBXGroup;
			children = (
				2EFD9C2F2BE51C97003E6448 /* Constants.swift */,
			);
			path = Extentions;
			sourceTree = "<group>";
		};
/* End PBXGroup section */

/* Begin PBXNativeTarget section */
		2EFD9BEC2BE4C78B003E6448 /* RickyAndMorty */ = {
			isa = PBXNativeTarget;
			buildConfigurationList = 2EFD9C012BE4C78E003E6448 /* Build configuration list for PBXNativeTarget "RickyAndMorty" */;
			buildPhases = (
				2EFD9BE92BE4C78B003E6448 /* Sources */,
				2EFD9BEA2BE4C78B003E6448 /* Frameworks */,
				2EFD9BEB2BE4C78B003E6448 /* Resources */,
			);
			buildRules = (
			);
			dependencies = (
			);
			name = RickyAndMorty;
			packageProductDependencies = (
				2EFD9C322BE51E38003E6448 /* SnapKit */,
			);
			productName = RickyAndMorty;
			productReference = 2EFD9BED2BE4C78B003E6448 /* RickyAndMorty.app */;
			productType = "com.apple.product-type.application";
		};
/* End PBXNativeTarget section */

/* Begin PBXProject section */
		2EFD9BE52BE4C78B003E6448 /* Project object */ = {
			isa = PBXProject;
			attributes = {
				BuildIndependentTargetsInParallel = 1;
				LastSwiftUpdateCheck = 1420;
				LastUpgradeCheck = 1420;
				TargetAttributes = {
					2EFD9BEC2BE4C78B003E6448 = {
						CreatedOnToolsVersion = 14.2;
					};
				};
			};
			buildConfigurationList = 2EFD9BE82BE4C78B003E6448 /* Build configuration list for PBXProject "RickyAndMorty" */;
			compatibilityVersion = "Xcode 14.0";
			developmentRegion = en;
			hasScannedForEncodings = 0;
			knownRegions = (
				en,
				Base,
			);
			mainGroup = 2EFD9BE42BE4C78B003E6448;
			packageReferences = (
				2EFD9C312BE51E38003E6448 /* XCRemoteSwiftPackageReference "SnapKit" */,
			);
			productRefGroup = 2EFD9BEE2BE4C78B003E6448 /* Products */;
			projectDirPath = "";
			projectRoot = "";
			targets = (
				2EFD9BEC2BE4C78B003E6448 /* RickyAndMorty */,
			);
		};
/* End PBXProject section */

/* Begin PBXResourcesBuildPhase section */
		2EFD9BEB2BE4C78B003E6448 /* Resources */ = {
			isa = PBXResourcesBuildPhase;
			buildActionMask = 2147483647;
			files = (
				2EFD9BFD2BE4C78E003E6448 /* LaunchScreen.storyboard in Resources */,
				2EFD9BFA2BE4C78E003E6448 /* Assets.xcassets in Resources */,
			);
			runOnlyForDeploymentPostprocessing = 0;
		};
/* End PBXResourcesBuildPhase section */

/* Begin PBXSourcesBuildPhase section */
		2EFD9BE92BE4C78B003E6448 /* Sources */ = {
			isa = PBXSourcesBuildPhase;
			buildActionMask = 2147483647;
			files = (
				2EFD9C092BE4FD1A003E6448 /* Coordinator.swift in Sources */,
				2EFD9C1F2BE50DB7003E6448 /* EpisodesAssembly.swift in Sources */,
				2EFD9C1D2BE500D2003E6448 /* LaunchAssembly.swift in Sources */,
				2EFD9C2D2BE51074003E6448 /* ChatacterDetailViewModel.swift in Sources */,
				2EFD9C152BE4FEBF003E6448 /* LaunchViewController.swift in Sources */,
				2EFD9C272BE50E6B003E6448 /* FavoritesViewController.swift in Sources */,
				2EFD9C292BE5102A003E6448 /* EpisodeViewModel.swift in Sources */,
				2EFD9BF52BE4C78B003E6448 /* EpisodesViewController.swift in Sources */,
				2EFD9C252BE50E49003E6448 /* FavoritesAssembly.swift in Sources */,
				2EFD9C232BE50E2F003E6448 /* CharacterDetailAssembly.swift in Sources */,
				2EFD9C0B2BE4FD32003E6448 /* AppCoordinator.swift in Sources */,
				2EFD9C0F2BE4FD5D003E6448 /* PageCoordinator.swift in Sources */,
				2EFD9C112BE4FDCE003E6448 /* Dependencies.swift in Sources */,
				2EFD9C2B2BE51046003E6448 /* FavoritesViewModel.swift in Sources */,
				2EFD9BF12BE4C78B003E6448 /* AppDelegate.swift in Sources */,
				2EFD9C302BE51C97003E6448 /* Constants.swift in Sources */,
				2EFD9C132BE4FE36003E6448 /* ModuleContainer.swift in Sources */,
				2EFD9BF32BE4C78B003E6448 /* SceneDelegate.swift in Sources */,
				2EFD9C212BE50DE8003E6448 /* CharacterDetailViewController.swift in Sources */,
				2EFD9C0D2BE4FD4B003E6448 /* LaunchCoordinator.swift in Sources */,
			);
			runOnlyForDeploymentPostprocessing = 0;
		};
/* End PBXSourcesBuildPhase section */

/* Begin PBXVariantGroup section */
		2EFD9BFB2BE4C78E003E6448 /* LaunchScreen.storyboard */ = {
			isa = PBXVariantGroup;
			children = (
				2EFD9BFC2BE4C78E003E6448 /* Base */,
			);
			name = LaunchScreen.storyboard;
			sourceTree = "<group>";
		};
/* End PBXVariantGroup section */

/* Begin XCBuildConfiguration section */
		2EFD9BFF2BE4C78E003E6448 /* Debug */ = {
			isa = XCBuildConfiguration;
			buildSettings = {
				ALWAYS_SEARCH_USER_PATHS = NO;
				CLANG_ANALYZER_NONNULL = YES;
				CLANG_ANALYZER_NUMBER_OBJECT_CONVERSION = YES_AGGRESSIVE;
				CLANG_CXX_LANGUAGE_STANDARD = "gnu++20";
				CLANG_ENABLE_MODULES = YES;
				CLANG_ENABLE_OBJC_ARC = YES;
				CLANG_ENABLE_OBJC_WEAK = YES;
				CLANG_WARN_BLOCK_CAPTURE_AUTORELEASING = YES;
				CLANG_WARN_BOOL_CONVERSION = YES;
				CLANG_WARN_COMMA = YES;
				CLANG_WARN_CONSTANT_CONVERSION = YES;
				CLANG_WARN_DEPRECATED_OBJC_IMPLEMENTATIONS = YES;
				CLANG_WARN_DIRECT_OBJC_ISA_USAGE = YES_ERROR;
				CLANG_WARN_DOCUMENTATION_COMMENTS = YES;
				CLANG_WARN_EMPTY_BODY = YES;
				CLANG_WARN_ENUM_CONVERSION = YES;
				CLANG_WARN_INFINITE_RECURSION = YES;
				CLANG_WARN_INT_CONVERSION = YES;
				CLANG_WARN_NON_LITERAL_NULL_CONVERSION = YES;
				CLANG_WARN_OBJC_IMPLICIT_RETAIN_SELF = YES;
				CLANG_WARN_OBJC_LITERAL_CONVERSION = YES;
				CLANG_WARN_OBJC_ROOT_CLASS = YES_ERROR;
				CLANG_WARN_QUOTED_INCLUDE_IN_FRAMEWORK_HEADER = YES;
				CLANG_WARN_RANGE_LOOP_ANALYSIS = YES;
				CLANG_WARN_STRICT_PROTOTYPES = YES;
				CLANG_WARN_SUSPICIOUS_MOVE = YES;
				CLANG_WARN_UNGUARDED_AVAILABILITY = YES_AGGRESSIVE;
				CLANG_WARN_UNREACHABLE_CODE = YES;
				CLANG_WARN__DUPLICATE_METHOD_MATCH = YES;
				COPY_PHASE_STRIP = NO;
				DEBUG_INFORMATION_FORMAT = dwarf;
				ENABLE_STRICT_OBJC_MSGSEND = YES;
				ENABLE_TESTABILITY = YES;
				GCC_C_LANGUAGE_STANDARD = gnu11;
				GCC_DYNAMIC_NO_PIC = NO;
				GCC_NO_COMMON_BLOCKS = YES;
				GCC_OPTIMIZATION_LEVEL = 0;
				GCC_PREPROCESSOR_DEFINITIONS = (
					"DEBUG=1",
					"$(inherited)",
				);
				GCC_WARN_64_TO_32_BIT_CONVERSION = YES;
				GCC_WARN_ABOUT_RETURN_TYPE = YES_ERROR;
				GCC_WARN_UNDECLARED_SELECTOR = YES;
				GCC_WARN_UNINITIALIZED_AUTOS = YES_AGGRESSIVE;
				GCC_WARN_UNUSED_FUNCTION = YES;
				GCC_WARN_UNUSED_VARIABLE = YES;
				IPHONEOS_DEPLOYMENT_TARGET = 14.0;
				MTL_ENABLE_DEBUG_INFO = INCLUDE_SOURCE;
				MTL_FAST_MATH = YES;
				ONLY_ACTIVE_ARCH = YES;
				SDKROOT = iphoneos;
				SWIFT_ACTIVE_COMPILATION_CONDITIONS = DEBUG;
				SWIFT_OPTIMIZATION_LEVEL = "-Onone";
			};
			name = Debug;
		};
		2EFD9C002BE4C78E003E6448 /* Release */ = {
			isa = XCBuildConfiguration;
			buildSettings = {
				ALWAYS_SEARCH_USER_PATHS = NO;
				CLANG_ANALYZER_NONNULL = YES;
				CLANG_ANALYZER_NUMBER_OBJECT_CONVERSION = YES_AGGRESSIVE;
				CLANG_CXX_LANGUAGE_STANDARD = "gnu++20";
				CLANG_ENABLE_MODULES = YES;
				CLANG_ENABLE_OBJC_ARC = YES;
				CLANG_ENABLE_OBJC_WEAK = YES;
				CLANG_WARN_BLOCK_CAPTURE_AUTORELEASING = YES;
				CLANG_WARN_BOOL_CONVERSION = YES;
				CLANG_WARN_COMMA = YES;
				CLANG_WARN_CONSTANT_CONVERSION = YES;
				CLANG_WARN_DEPRECATED_OBJC_IMPLEMENTATIONS = YES;
				CLANG_WARN_DIRECT_OBJC_ISA_USAGE = YES_ERROR;
				CLANG_WARN_DOCUMENTATION_COMMENTS = YES;
				CLANG_WARN_EMPTY_BODY = YES;
				CLANG_WARN_ENUM_CONVERSION = YES;
				CLANG_WARN_INFINITE_RECURSION = YES;
				CLANG_WARN_INT_CONVERSION = YES;
				CLANG_WARN_NON_LITERAL_NULL_CONVERSION = YES;
				CLANG_WARN_OBJC_IMPLICIT_RETAIN_SELF = YES;
				CLANG_WARN_OBJC_LITERAL_CONVERSION = YES;
				CLANG_WARN_OBJC_ROOT_CLASS = YES_ERROR;
				CLANG_WARN_QUOTED_INCLUDE_IN_FRAMEWORK_HEADER = YES;
				CLANG_WARN_RANGE_LOOP_ANALYSIS = YES;
				CLANG_WARN_STRICT_PROTOTYPES = YES;
				CLANG_WARN_SUSPICIOUS_MOVE = YES;
				CLANG_WARN_UNGUARDED_AVAILABILITY = YES_AGGRESSIVE;
				CLANG_WARN_UNREACHABLE_CODE = YES;
				CLANG_WARN__DUPLICATE_METHOD_MATCH = YES;
				COPY_PHASE_STRIP = NO;
				DEBUG_INFORMATION_FORMAT = "dwarf-with-dsym";
				ENABLE_NS_ASSERTIONS = NO;
				ENABLE_STRICT_OBJC_MSGSEND = YES;
				GCC_C_LANGUAGE_STANDARD = gnu11;
				GCC_NO_COMMON_BLOCKS = YES;
				GCC_WARN_64_TO_32_BIT_CONVERSION = YES;
				GCC_WARN_ABOUT_RETURN_TYPE = YES_ERROR;
				GCC_WARN_UNDECLARED_SELECTOR = YES;
				GCC_WARN_UNINITIALIZED_AUTOS = YES_AGGRESSIVE;
				GCC_WARN_UNUSED_FUNCTION = YES;
				GCC_WARN_UNUSED_VARIABLE = YES;
				IPHONEOS_DEPLOYMENT_TARGET = 14.0;
				MTL_ENABLE_DEBUG_INFO = NO;
				MTL_FAST_MATH = YES;
				SDKROOT = iphoneos;
				SWIFT_COMPILATION_MODE = wholemodule;
				SWIFT_OPTIMIZATION_LEVEL = "-O";
				VALIDATE_PRODUCT = YES;
			};
			name = Release;
		};
		2EFD9C022BE4C78E003E6448 /* Debug */ = {
			isa = XCBuildConfiguration;
			buildSettings = {
				ASSETCATALOG_COMPILER_APPICON_NAME = AppIcon;
				ASSETCATALOG_COMPILER_GLOBAL_ACCENT_COLOR_NAME = AccentColor;
				CODE_SIGN_STYLE = Automatic;
				CURRENT_PROJECT_VERSION = 1;
				DEVELOPMENT_TEAM = 3VJYN6Z9BM;
				GENERATE_INFOPLIST_FILE = YES;
				INFOPLIST_FILE = RickyAndMorty/Info.plist;
				INFOPLIST_KEY_UIApplicationSupportsIndirectInputEvents = YES;
				INFOPLIST_KEY_UILaunchStoryboardName = LaunchScreen;
				INFOPLIST_KEY_UISupportedInterfaceOrientations_iPad = "UIInterfaceOrientationPortrait UIInterfaceOrientationPortraitUpsideDown UIInterfaceOrientationLandscapeLeft UIInterfaceOrientationLandscapeRight";
				INFOPLIST_KEY_UISupportedInterfaceOrientations_iPhone = "UIInterfaceOrientationPortrait UIInterfaceOrientationLandscapeLeft UIInterfaceOrientationLandscapeRight";
				LD_RUNPATH_SEARCH_PATHS = (
					"$(inherited)",
					"@executable_path/Frameworks",
				);
				MARKETING_VERSION = 1.0;
				PRODUCT_BUNDLE_IDENTIFIER = ru.anastasialarina.RickyAndMorty;
				PRODUCT_NAME = "$(TARGET_NAME)";
				SWIFT_EMIT_LOC_STRINGS = YES;
				SWIFT_VERSION = 5.0;
				TARGETED_DEVICE_FAMILY = "1,2";
			};
			name = Debug;
		};
		2EFD9C032BE4C78E003E6448 /* Release */ = {
			isa = XCBuildConfiguration;
			buildSettings = {
				ASSETCATALOG_COMPILER_APPICON_NAME = AppIcon;
				ASSETCATALOG_COMPILER_GLOBAL_ACCENT_COLOR_NAME = AccentColor;
				CODE_SIGN_STYLE = Automatic;
				CURRENT_PROJECT_VERSION = 1;
				DEVELOPMENT_TEAM = 3VJYN6Z9BM;
				GENERATE_INFOPLIST_FILE = YES;
				INFOPLIST_FILE = RickyAndMorty/Info.plist;
				INFOPLIST_KEY_UIApplicationSupportsIndirectInputEvents = YES;
				INFOPLIST_KEY_UILaunchStoryboardName = LaunchScreen;
				INFOPLIST_KEY_UISupportedInterfaceOrientations_iPad = "UIInterfaceOrientationPortrait UIInterfaceOrientationPortraitUpsideDown UIInterfaceOrientationLandscapeLeft UIInterfaceOrientationLandscapeRight";
				INFOPLIST_KEY_UISupportedInterfaceOrientations_iPhone = "UIInterfaceOrientationPortrait UIInterfaceOrientationLandscapeLeft UIInterfaceOrientationLandscapeRight";
				LD_RUNPATH_SEARCH_PATHS = (
					"$(inherited)",
					"@executable_path/Frameworks",
				);
				MARKETING_VERSION = 1.0;
				PRODUCT_BUNDLE_IDENTIFIER = ru.anastasialarina.RickyAndMorty;
				PRODUCT_NAME = "$(TARGET_NAME)";
				SWIFT_EMIT_LOC_STRINGS = YES;
				SWIFT_VERSION = 5.0;
				TARGETED_DEVICE_FAMILY = "1,2";
			};
			name = Release;
		};
/* End XCBuildConfiguration section */

/* Begin XCConfigurationList section */
		2EFD9BE82BE4C78B003E6448 /* Build configuration list for PBXProject "RickyAndMorty" */ = {
			isa = XCConfigurationList;
			buildConfigurations = (
				2EFD9BFF2BE4C78E003E6448 /* Debug */,
				2EFD9C002BE4C78E003E6448 /* Release */,
			);
			defaultConfigurationIsVisible = 0;
			defaultConfigurationName = Release;
		};
		2EFD9C012BE4C78E003E6448 /* Build configuration list for PBXNativeTarget "RickyAndMorty" */ = {
			isa = XCConfigurationList;
			buildConfigurations = (
				2EFD9C022BE4C78E003E6448 /* Debug */,
				2EFD9C032BE4C78E003E6448 /* Release */,
			);
			defaultConfigurationIsVisible = 0;
			defaultConfigurationName = Release;
		};
/* End XCConfigurationList section */

/* Begin XCRemoteSwiftPackageReference section */
		2EFD9C312BE51E38003E6448 /* XCRemoteSwiftPackageReference "SnapKit" */ = {
			isa = XCRemoteSwiftPackageReference;
			repositoryURL = "https://github.com/SnapKit/SnapKit.git";
			requirement = {
				kind = upToNextMajorVersion;
				minimumVersion = 5.6.0;
			};
		};
/* End XCRemoteSwiftPackageReference section */

/* Begin XCSwiftPackageProductDependency section */
		2EFD9C322BE51E38003E6448 /* SnapKit */ = {
			isa = XCSwiftPackageProductDependency;
			package = 2EFD9C312BE51E38003E6448 /* XCRemoteSwiftPackageReference "SnapKit" */;
			productName = SnapKit;
		};
/* End XCSwiftPackageProductDependency section */
	};
	rootObject = 2EFD9BE52BE4C78B003E6448 /* Project object */;
}
